
Microsoft Visual Studio Solution File, Format Version 11.00
# Visual Studio 2010
Project("{FAE04EC0-301F-11D3-BF4B-00C04F79EFBC}") = "RaspberryPiDotNet", "RaspberryPiDotNet\RaspberryPiDotNet.csproj", "{FC84D8A0-B578-4663-9BDA-D946513E2801}"
EndProject
Project("{FAE04EC0-301F-11D3-BF4B-00C04F79EFBC}") = "JenkinsBerry", "JenkinsBerry\JenkinsBerry.csproj", "{8624817B-6600-4904-8497-5612EF2E881B}"
EndProject
Global
	GlobalSection(SolutionConfigurationPlatforms) = preSolution
		Debug|x86 = Debug|x86
		Release|x86 = Release|x86
	EndGlobalSection
	GlobalSection(ProjectConfigurationPlatforms) = postSolution
		{8624817B-6600-4904-8497-5612EF2E881B}.Debug|x86.ActiveCfg = Debug|x86
		{8624817B-6600-4904-8497-5612EF2E881B}.Debug|x86.Build.0 = Debug|x86
		{8624817B-6600-4904-8497-5612EF2E881B}.Release|x86.ActiveCfg = Release|x86
		{8624817B-6600-4904-8497-5612EF2E881B}.Release|x86.Build.0 = Release|x86
		{FC84D8A0-B578-4663-9BDA-D946513E2801}.Debug|x86.ActiveCfg = Debug|Any CPU
		{FC84D8A0-B578-4663-9BDA-D946513E2801}.Debug|x86.Build.0 = Debug|Any CPU
		{FC84D8A0-B578-4663-9BDA-D946513E2801}.Release|x86.ActiveCfg = Release|Any CPU
		{FC84D8A0-B578-4663-9BDA-D946513E2801}.Release|x86.Build.0 = Release|Any CPU
	EndGlobalSection
EndGlobal
